
Microsoft Visual Studio Solution File, Format Version 12.00
# Visual Studio Version 16
VisualStudioVersion = 16.0.29318.209
MinimumVisualStudioVersion = 10.0.40219.1
Project("{9A19103F-16F7-4668-BE54-9A1E7A4F7556}") = "all three Projects combined", "all three Projects combined\all three Projects combined.csproj", "{5A7337A3-E5F3-4ED9-9574-C319F44DA356}"
EndProject
Project("{FAE04EC0-301F-11D3-BF4B-00C04F79EFBC}") = "MasterMind", "..\MasterMind\MasterMind\MasterMind.csproj", "{79EE4760-0D17-4DAD-8C8E-6B2EACE846E5}"
EndProject
Global
	GlobalSection(SolutionConfigurationPlatforms) = preSolution
		Debug|Any CPU = Debug|Any CPU
		Release|Any CPU = Release|Any CPU
	EndGlobalSection
	GlobalSection(ProjectConfigurationPlatforms) = postSolution
		{5A7337A3-E5F3-4ED9-9574-C319F44DA356}.Debug|Any CPU.ActiveCfg = Debug|Any CPU
		{5A7337A3-E5F3-4ED9-9574-C319F44DA356}.Debug|Any CPU.Build.0 = Debug|Any CPU
		{5A7337A3-E5F3-4ED9-9574-C319F44DA356}.Release|Any CPU.ActiveCfg = Release|Any CPU
		{5A7337A3-E5F3-4ED9-9574-C319F44DA356}.Release|Any CPU.Build.0 = Release|Any CPU
		{79EE4760-0D17-4DAD-8C8E-6B2EACE846E5}.Debug|Any CPU.ActiveCfg = Debug|Any CPU
		{79EE4760-0D17-4DAD-8C8E-6B2EACE846E5}.Debug|Any CPU.Build.0 = Debug|Any CPU
		{79EE4760-0D17-4DAD-8C8E-6B2EACE846E5}.Release|Any CPU.ActiveCfg = Release|Any CPU
		{79EE4760-0D17-4DAD-8C8E-6B2EACE846E5}.Release|Any CPU.Build.0 = Release|Any CPU
	EndGlobalSection
	GlobalSection(SolutionProperties) = preSolution
		HideSolutionNode = FALSE
	EndGlobalSection
	GlobalSection(ExtensibilityGlobals) = postSolution
		SolutionGuid = {9BDE9116-4ED6-4568-8D71-5F3E2EA11482}
	EndGlobalSection
EndGlobal
